
Microsoft Visual Studio Solution File, Format Version 11.00
# Visual Studio 2010
Project("{FAE04EC0-301F-11D3-BF4B-00C04F79EFBC}") = "SteamVR", "SteamVR.csproj", "{85573db3-abf9-a768-1be1-e3ed1dd1151c}"
EndProject
Project("{FAE04EC0-301F-11D3-BF4B-00C04F79EFBC}") = "Assembly-CSharp", "Assembly-CSharp.csproj", "{3cb24127-7131-534c-5b72-f36a0903effd}"
EndProject
Project("{FAE04EC0-301F-11D3-BF4B-00C04F79EFBC}") = "SteamVR_Actions", "SteamVR_Actions.csproj", "{6d798db7-0173-31f6-4b6b-aa92103dd653}"
EndProject
Project("{FAE04EC0-301F-11D3-BF4B-00C04F79EFBC}") = "SteamVR_Input_Editor", "SteamVR_Input_Editor.csproj", "{7320e1f2-2869-7185-4f63-91167f31cd18}"
EndProject
Project("{FAE04EC0-301F-11D3-BF4B-00C04F79EFBC}") = "Assembly-CSharp-Editor", "Assembly-CSharp-Editor.csproj", "{855f94e2-2430-3f15-639b-f2d921676306}"
EndProject
Project("{FAE04EC0-301F-11D3-BF4B-00C04F79EFBC}") = "SteamVR_Editor", "SteamVR_Editor.csproj", "{ce5263b1-6add-0892-f076-846cca64a59e}"
EndProject
Project("{FAE04EC0-301F-11D3-BF4B-00C04F79EFBC}") = "SteamVR_Windows_EditorHelper", "SteamVR_Windows_EditorHelper.csproj", "{fd13577e-279b-43cd-6c0a-c7ab1029afa1}"
EndProject
Global
	GlobalSection(SolutionConfigurationPlatforms) = preSolution
		Debug|Any CPU = Debug|Any CPU
	EndGlobalSection
	GlobalSection(ProjectConfigurationPlatforms) = postSolution
		{85573db3-abf9-a768-1be1-e3ed1dd1151c}.Debug|Any CPU.ActiveCfg = Debug|Any CPU
		{85573db3-abf9-a768-1be1-e3ed1dd1151c}.Debug|Any CPU.Build.0 = Debug|Any CPU
		{3cb24127-7131-534c-5b72-f36a0903effd}.Debug|Any CPU.ActiveCfg = Debug|Any CPU
		{3cb24127-7131-534c-5b72-f36a0903effd}.Debug|Any CPU.Build.0 = Debug|Any CPU
		{6d798db7-0173-31f6-4b6b-aa92103dd653}.Debug|Any CPU.ActiveCfg = Debug|Any CPU
		{6d798db7-0173-31f6-4b6b-aa92103dd653}.Debug|Any CPU.Build.0 = Debug|Any CPU
		{7320e1f2-2869-7185-4f63-91167f31cd18}.Debug|Any CPU.ActiveCfg = Debug|Any CPU
		{7320e1f2-2869-7185-4f63-91167f31cd18}.Debug|Any CPU.Build.0 = Debug|Any CPU
		{855f94e2-2430-3f15-639b-f2d921676306}.Debug|Any CPU.ActiveCfg = Debug|Any CPU
		{855f94e2-2430-3f15-639b-f2d921676306}.Debug|Any CPU.Build.0 = Debug|Any CPU
		{ce5263b1-6add-0892-f076-846cca64a59e}.Debug|Any CPU.ActiveCfg = Debug|Any CPU
		{ce5263b1-6add-0892-f076-846cca64a59e}.Debug|Any CPU.Build.0 = Debug|Any CPU
		{fd13577e-279b-43cd-6c0a-c7ab1029afa1}.Debug|Any CPU.ActiveCfg = Debug|Any CPU
		{fd13577e-279b-43cd-6c0a-c7ab1029afa1}.Debug|Any CPU.Build.0 = Debug|Any CPU
	EndGlobalSection
	GlobalSection(SolutionProperties) = preSolution
		HideSolutionNode = FALSE
	EndGlobalSection
EndGlobal
